
Microsoft Visual Studio Solution File, Format Version 12.00
# Visual Studio Version 16
VisualStudioVersion = 16.0.31515.178
MinimumVisualStudioVersion = 10.0.40219.1
Project("{FAE04EC0-301F-11D3-BF4B-00C04F79EFBC}") = "apiXamarin", "apiXamarin.csproj", "{6EB186B6-10B6-45EE-8747-05A0B0460C95}"
EndProject
Global
	GlobalSection(SolutionConfigurationPlatforms) = preSolution
		Debug|Any CPU = Debug|Any CPU
		Release|Any CPU = Release|Any CPU
	EndGlobalSection
	GlobalSection(ProjectConfigurationPlatforms) = postSolution
		{6EB186B6-10B6-45EE-8747-05A0B0460C95}.Debug|Any CPU.ActiveCfg = Debug|Any CPU
		{6EB186B6-10B6-45EE-8747-05A0B0460C95}.Debug|Any CPU.Build.0 = Debug|Any CPU
		{6EB186B6-10B6-45EE-8747-05A0B0460C95}.Release|Any CPU.ActiveCfg = Release|Any CPU
		{6EB186B6-10B6-45EE-8747-05A0B0460C95}.Release|Any CPU.Build.0 = Release|Any CPU
	EndGlobalSection
	GlobalSection(SolutionProperties) = preSolution
		HideSolutionNode = FALSE
	EndGlobalSection
	GlobalSection(ExtensibilityGlobals) = postSolution
		SolutionGuid = {75EC84AE-297F-4FE3-A16F-E5561448ACB2}
	EndGlobalSection
EndGlobal
